
Microsoft Visual Studio Solution File, Format Version 12.00
# Visual Studio Version 16
VisualStudioVersion = 16.0.29009.5
MinimumVisualStudioVersion = 10.0.40219.1
Project("{9A19103F-16F7-4668-BE54-9A1E7A4F7556}") = "Maptz.Subtitler.Wpf.App", "Maptz.Subtitler.Wpf.App\Maptz.Subtitler.Wpf.App.csproj", "{C10F980E-9038-4704-88B9-90349E7DF5D5}"
EndProject
Project("{9A19103F-16F7-4668-BE54-9A1E7A4F7556}") = "Maptz.Subtitler.Engine", "Maptz.Subtitler.Engine\Maptz.Subtitler.Engine.csproj", "{E03325BE-0D29-4C84-95E8-E23BF5D86C1E}"
EndProject
Project("{9A19103F-16F7-4668-BE54-9A1E7A4F7556}") = "Maptz.Subtitler.Base", "Maptz.Subtitler.Base\Maptz.Subtitler.Base.csproj", "{1B34EC1B-175A-49B5-9785-73F3B8FE8CFA}"
EndProject
Project("{9A19103F-16F7-4668-BE54-9A1E7A4F7556}") = "Maptz.Subtitler.Wpf.Controls", "Maptz.Subtitler.Wpf.Controls\Maptz.Subtitler.Wpf.Controls.csproj", "{3719FA02-8F9B-4611-9D29-0B8B77E617F5}"
EndProject
Project("{2150E333-8FDC-42A3-9474-1A3956D46DE8}") = "Ruleset", "Ruleset", "{2CE7820F-B1C1-4BA3-8AB8-BE15CEFC20DD}"
	ProjectSection(SolutionItems) = preProject
		..\Analyzers.ruleset = ..\Analyzers.ruleset
	EndProjectSection
EndProject
Global
	GlobalSection(SolutionConfigurationPlatforms) = preSolution
		Debug|Any CPU = Debug|Any CPU
		Release|Any CPU = Release|Any CPU
	EndGlobalSection
	GlobalSection(ProjectConfigurationPlatforms) = postSolution
		{C10F980E-9038-4704-88B9-90349E7DF5D5}.Debug|Any CPU.ActiveCfg = Debug|Any CPU
		{C10F980E-9038-4704-88B9-90349E7DF5D5}.Debug|Any CPU.Build.0 = Debug|Any CPU
		{C10F980E-9038-4704-88B9-90349E7DF5D5}.Release|Any CPU.ActiveCfg = Release|Any CPU
		{C10F980E-9038-4704-88B9-90349E7DF5D5}.Release|Any CPU.Build.0 = Release|Any CPU
		{E03325BE-0D29-4C84-95E8-E23BF5D86C1E}.Debug|Any CPU.ActiveCfg = Debug|Any CPU
		{E03325BE-0D29-4C84-95E8-E23BF5D86C1E}.Debug|Any CPU.Build.0 = Debug|Any CPU
		{E03325BE-0D29-4C84-95E8-E23BF5D86C1E}.Release|Any CPU.ActiveCfg = Release|Any CPU
		{E03325BE-0D29-4C84-95E8-E23BF5D86C1E}.Release|Any CPU.Build.0 = Release|Any CPU
		{1B34EC1B-175A-49B5-9785-73F3B8FE8CFA}.Debug|Any CPU.ActiveCfg = Debug|Any CPU
		{1B34EC1B-175A-49B5-9785-73F3B8FE8CFA}.Debug|Any CPU.Build.0 = Debug|Any CPU
		{1B34EC1B-175A-49B5-9785-73F3B8FE8CFA}.Release|Any CPU.ActiveCfg = Release|Any CPU
		{1B34EC1B-175A-49B5-9785-73F3B8FE8CFA}.Release|Any CPU.Build.0 = Release|Any CPU
		{3719FA02-8F9B-4611-9D29-0B8B77E617F5}.Debug|Any CPU.ActiveCfg = Debug|Any CPU
		{3719FA02-8F9B-4611-9D29-0B8B77E617F5}.Debug|Any CPU.Build.0 = Debug|Any CPU
		{3719FA02-8F9B-4611-9D29-0B8B77E617F5}.Release|Any CPU.ActiveCfg = Release|Any CPU
		{3719FA02-8F9B-4611-9D29-0B8B77E617F5}.Release|Any CPU.Build.0 = Release|Any CPU
	EndGlobalSection
	GlobalSection(SolutionProperties) = preSolution
		HideSolutionNode = FALSE
	EndGlobalSection
	GlobalSection(ExtensibilityGlobals) = postSolution
		SolutionGuid = {8E0EF3DD-40E0-4DF7-858C-20D7CE5D1F80}
	EndGlobalSection
EndGlobal
